<?xml version="1.0" encoding="utf-8"?>
<Project ToolsVersion="4.0" xmlns="http://schemas.microsoft.com/developer/msbuild/2003">
  <ItemGroup>
    <ClCompile Include="src\sys\_windows\main_deb.cpp">
      <Filter>core</Filter>
    </ClCompile>
    <ClCompile Include="src\sys\_windows\main_rel.cpp">
      <Filter>core</Filter>
    </ClCompile>
    <ClCompile Include="src\sys\msys.cpp">
      <Filter>core</Filter>
    </ClCompile>
    <ClCompile Include="src\sys\_windows\msys_debugOS.cpp">
      <Filter>core</Filter>
    </ClCompile>
    <ClCompile Include="src\sys\msys_glext.cpp">
      <Filter>core</Filter>
    </ClCompile>
    <ClCompile Include="src\sys\msys_texgen.cpp">
      <Filter>core</Filter>
    </ClCompile>
    <ClCompile Include="src\intro.cpp">
      <Filter>intro</Filter>
    </ClCompile>
    <ClCompile Include="src\sprite.cpp">
      <Filter>intro</Filter>
    </ClCompile>
  </ItemGroup>
  <ItemGroup>
    <ClInclude Include="src\sys\msys_types.h">
      <Filter>core</Filter>
    </ClInclude>
    <ClInclude Include="src\sys\events.h">
      <Filter>core</Filter>
    </ClInclude>
    <ClInclude Include="src\sys\glext.h">
      <Filter>core</Filter>
    </ClInclude>
    <ClInclude Include="src\sys\msys.h">
      <Filter>core</Filter>
    </ClInclude>
    <ClInclude Include="src\sys\msys_debug.h">
      <Filter>core</Filter>
    </ClInclude>
    <ClInclude Include="src\sys\msys_glext.h">
      <Filter>core</Filter>
    </ClInclude>
    <ClInclude Include="src\sys\msys_texgen.h">
      <Filter>core</Filter>
    </ClInclude>
    <ClInclude Include="src\intro.h">
      <Filter>intro</Filter>
    </ClInclude>
    <ClInclude Include="src\cave.h">
      <Filter>intro</Filter>
    </ClInclude>
    <ClInclude Include="src\fontwriter.h">
      <Filter>intro</Filter>
    </ClInclude>
    <ClInclude Include="src\sprite.h">
      <Filter>intro</Filter>
    </ClInclude>
    <ClInclude Include="src\logo.h">
      <Filter>intro</Filter>
    </ClInclude>
    <ClInclude Include="src\tune.h">
      <Filter>intro</Filter>
    </ClInclude>
    <ClInclude Include="src\to_logo.h">
      <Filter>intro</Filter>
    </ClInclude>
    <ClInclude Include="src\DemoText.h">
      <Filter>intro</Filter>
    </ClInclude>
  </ItemGroup>
  <ItemGroup>
    <Filter Include="core">
      <UniqueIdentifier>{7156de36-bb4f-4d9a-a59d-0e0046a61cf8}</UniqueIdentifier>
    </Filter>
    <Filter Include="intro">
      <UniqueIdentifier>{3daeeb26-e229-4c28-bcbb-d706fd749790}</UniqueIdentifier>
    </Filter>
  </ItemGroup>
  <ItemGroup>
    <None Include="src\cave.inl">
      <Filter>intro</Filter>
    </None>
  </ItemGroup>
  <ItemGroup>
    <Object Include="ufmod.obj">
      <Filter>intro</Filter>
    </Object>
  </ItemGroup>
</Project>